// !$*UTF8*$!
{
	archiveVersion = 1;
	classes = {
	};
	objectVersion = 56;
	objects = {

/* Begin PBXBuildFile section */
		AA0000000000000000000101 /* PeergosApp.swift in Sources */ = {isa = PBXBuildFile; fileRef = AA0000000000000000000001 /* PeergosApp.swift */; };
		AA0000000000000000000102 /* Config.swift in Sources (App) */ = {isa = PBXBuildFile; fileRef = AA0000000000000000000002 /* Config.swift */; };
		AA0000000000000000000103 /* AppGroupID.swift in Sources (App) */ = {isa = PBXBuildFile; fileRef = AA0000000000000000000003 /* AppGroupID.swift */; };
		AA0000000000000000000201 /* Extension.swift in Sources */ = {isa = PBXBuildFile; fileRef = AA0000000000000000000011 /* Extension.swift */; };
		AA0000000000000000000202 /* Enumerator.swift in Sources */ = {isa = PBXBuildFile; fileRef = AA0000000000000000000012 /* Enumerator.swift */; };
		AA0000000000000000000203 /* Item.swift in Sources */ = {isa = PBXBuildFile; fileRef = AA0000000000000000000013 /* Item.swift */; };
		AA0000000000000000000204 /* WebDAVClient.swift in Sources */ = {isa = PBXBuildFile; fileRef = AA0000000000000000000014 /* WebDAVClient.swift */; };
		AA0000000000000000000205 /* ItemRegistry.swift in Sources */ = {isa = PBXBuildFile; fileRef = AA0000000000000000000015 /* ItemRegistry.swift */; };
		AA0000000000000000000206 /* Config.swift in Sources (FP) */ = {isa = PBXBuildFile; fileRef = AA0000000000000000000002 /* Config.swift */; };
		AA0000000000000000000207 /* AppGroupID.swift in Sources (FP) */ = {isa = PBXBuildFile; fileRef = AA0000000000000000000003 /* AppGroupID.swift */; };
		AA0000000000000000000301 /* PeergosFileProvider.appex in Embed Extensions */ = {isa = PBXBuildFile; fileRef = AA0000000000000000000021 /* PeergosFileProvider.appex */; settings = {ATTRIBUTES = (RemoveHeadersOnCopy, ); }; };
/* End PBXBuildFile section */

/* Begin PBXContainerItemProxy section */
		AA0000000000000000000401 /* PBXContainerItemProxy */ = {
			isa = PBXContainerItemProxy;
			containerPortal = AA0000000000000000000900 /* Project object */;
			proxyType = 1;
			remoteGlobalIDString = AA0000000000000000000800;
			remoteInfo = PeergosFileProvider;
		};
/* End PBXContainerItemProxy section */

/* Begin PBXCopyFilesBuildPhase section */
		AA0000000000000000000501 /* Embed Extensions */ = {
			isa = PBXCopyFilesBuildPhase;
			buildActionMask = 2147483647;
			dstPath = "";
			dstSubfolderSpec = 13;
			files = (
				AA0000000000000000000301 /* PeergosFileProvider.appex in Embed Extensions */,
			);
			name = "Embed Extensions";
			runOnlyForDeploymentPostprocessing = 0;
		};
/* End PBXCopyFilesBuildPhase section */

/* Begin PBXFileReference section */
		AA0000000000000000000001 /* PeergosApp.swift */ = {isa = PBXFileReference; lastKnownFileType = sourcecode.swift; path = PeergosApp.swift; sourceTree = "<group>"; };
		AA0000000000000000000002 /* Config.swift */ = {isa = PBXFileReference; lastKnownFileType = sourcecode.swift; path = Config.swift; sourceTree = "<group>"; };
		AA0000000000000000000003 /* AppGroupID.swift */ = {isa = PBXFileReference; lastKnownFileType = sourcecode.swift; path = AppGroupID.swift; sourceTree = "<group>"; };
		AA0000000000000000000004 /* ContainerApp-Info.plist */ = {isa = PBXFileReference; lastKnownFileType = text.plist.xml; path = Info.plist; sourceTree = "<group>"; };
		AA0000000000000000000005 /* PeergosMount.entitlements */ = {isa = PBXFileReference; lastKnownFileType = text.plist.entitlements; path = PeergosMount.entitlements; sourceTree = "<group>"; };
		AA0000000000000000000011 /* Extension.swift */ = {isa = PBXFileReference; lastKnownFileType = sourcecode.swift; path = Extension.swift; sourceTree = "<group>"; };
		AA0000000000000000000012 /* Enumerator.swift */ = {isa = PBXFileReference; lastKnownFileType = sourcecode.swift; path = Enumerator.swift; sourceTree = "<group>"; };
		AA0000000000000000000013 /* Item.swift */ = {isa = PBXFileReference; lastKnownFileType = sourcecode.swift; path = Item.swift; sourceTree = "<group>"; };
		AA0000000000000000000014 /* WebDAVClient.swift */ = {isa = PBXFileReference; lastKnownFileType = sourcecode.swift; path = WebDAVClient.swift; sourceTree = "<group>"; };
		AA0000000000000000000015 /* ItemRegistry.swift */ = {isa = PBXFileReference; lastKnownFileType = sourcecode.swift; path = ItemRegistry.swift; sourceTree = "<group>"; };
		AA0000000000000000000016 /* FileProvider-Info.plist */ = {isa = PBXFileReference; lastKnownFileType = text.plist.xml; path = Info.plist; sourceTree = "<group>"; };
		AA0000000000000000000017 /* FileProvider.entitlements */ = {isa = PBXFileReference; lastKnownFileType = text.plist.entitlements; path = FileProvider.entitlements; sourceTree = "<group>"; };
		AA0000000000000000000020 /* PeergosMount.app */ = {isa = PBXFileReference; explicitFileType = wrapper.application; includeInIndex = 0; path = PeergosMount.app; sourceTree = BUILT_PRODUCTS_DIR; };
		AA0000000000000000000021 /* PeergosFileProvider.appex */ = {isa = PBXFileReference; explicitFileType = wrapper.app-extension; includeInIndex = 0; path = PeergosFileProvider.appex; sourceTree = BUILT_PRODUCTS_DIR; };
/* End PBXFileReference section */

/* Begin PBXFrameworksBuildPhase section */
		AA0000000000000000000601 /* Frameworks (App) */ = {
			isa = PBXFrameworksBuildPhase;
			buildActionMask = 2147483647;
			files = ();
			runOnlyForDeploymentPostprocessing = 0;
		};
		AA0000000000000000000602 /* Frameworks (FP) */ = {
			isa = PBXFrameworksBuildPhase;
			buildActionMask = 2147483647;
			files = ();
			runOnlyForDeploymentPostprocessing = 0;
		};
/* End PBXFrameworksBuildPhase section */

/* Begin PBXGroup section */
		AA0000000000000000000700 /* Products */ = {
			isa = PBXGroup;
			children = (
				AA0000000000000000000020 /* PeergosMount.app */,
				AA0000000000000000000021 /* PeergosFileProvider.appex */,
			);
			name = Products;
			sourceTree = "<group>";
		};
		AA0000000000000000000701 /* ContainerApp */ = {
			isa = PBXGroup;
			children = (
				AA0000000000000000000001 /* PeergosApp.swift */,
				AA0000000000000000000004 /* ContainerApp-Info.plist */,
				AA0000000000000000000005 /* PeergosMount.entitlements */,
			);
			path = ContainerApp;
			sourceTree = "<group>";
		};
		AA0000000000000000000702 /* FileProviderExtension */ = {
			isa = PBXGroup;
			children = (
				AA0000000000000000000011 /* Extension.swift */,
				AA0000000000000000000012 /* Enumerator.swift */,
				AA0000000000000000000013 /* Item.swift */,
				AA0000000000000000000014 /* WebDAVClient.swift */,
				AA0000000000000000000015 /* ItemRegistry.swift */,
				AA0000000000000000000016 /* FileProvider-Info.plist */,
				AA0000000000000000000017 /* FileProvider.entitlements */,
			);
			path = FileProviderExtension;
			sourceTree = "<group>";
		};
		AA0000000000000000000703 /* Shared */ = {
			isa = PBXGroup;
			children = (
				AA0000000000000000000002 /* Config.swift */,
				AA0000000000000000000003 /* AppGroupID.swift */,
			);
			path = Shared;
			sourceTree = "<group>";
		};
		AA0000000000000000000704 /* Root */ = {
			isa = PBXGroup;
			children = (
				AA0000000000000000000701 /* ContainerApp */,
				AA0000000000000000000702 /* FileProviderExtension */,
				AA0000000000000000000703 /* Shared */,
				AA0000000000000000000700 /* Products */,
			);
			sourceTree = "<group>";
		};
/* End PBXGroup section */

/* Begin PBXNativeTarget section */
		AA0000000000000000000700 /* PeergosMount */ = {
			isa = PBXNativeTarget;
			buildConfigurationList = AA0000000000000000000A01 /* Build configuration list for PBXNativeTarget "PeergosMount" */;
			buildPhases = (
				AA0000000000000000000601 /* Frameworks (App) */,
				AA0000000000000000000B01 /* Sources (App) */,
				AA0000000000000000000C01 /* Resources (App) */,
				AA0000000000000000000501 /* Embed Extensions */,
			);
			buildRules = ();
			dependencies = (
				AA0000000000000000000402 /* PBXTargetDependency */,
			);
			name = PeergosMount;
			productName = PeergosMount;
			productReference = AA0000000000000000000020 /* PeergosMount.app */;
			productType = "com.apple.product-type.application";
		};
		AA0000000000000000000800 /* PeergosFileProvider */ = {
			isa = PBXNativeTarget;
			buildConfigurationList = AA0000000000000000000A02 /* Build configuration list for PBXNativeTarget "PeergosFileProvider" */;
			buildPhases = (
				AA0000000000000000000602 /* Frameworks (FP) */,
				AA0000000000000000000B02 /* Sources (FP) */,
				AA0000000000000000000C02 /* Resources (FP) */,
			);
			buildRules = ();
			dependencies = ();
			name = PeergosFileProvider;
			productName = PeergosFileProvider;
			productReference = AA0000000000000000000021 /* PeergosFileProvider.appex */;
			productType = "com.apple.product-type.app-extension";
		};
/* End PBXNativeTarget section */

/* Begin PBXProject section */
		AA0000000000000000000900 /* Project object */ = {
			isa = PBXProject;
			attributes = {
				BuildIndependentTargetsInParallel = 1;
				LastSwiftUpdateCheck = 1500;
				LastUpgradeCheck = 1500;
				TargetAttributes = {
					AA0000000000000000000700 = {
						CreatedOnToolsVersion = 15.0;
					};
					AA0000000000000000000800 = {
						CreatedOnToolsVersion = 15.0;
					};
				};
			};
			buildConfigurationList = AA0000000000000000000A00 /* Build configuration list for PBXProject "PeergosMount" */;
			compatibilityVersion = "Xcode 14.0";
			developmentRegion = en;
			hasScannedForEncodings = 0;
			knownRegions = (
				en,
				Base,
			);
			mainGroup = AA0000000000000000000704 /* Root */;
			productRefGroup = AA0000000000000000000700 /* Products */;
			projectDirPath = "";
			projectRoot = "";
			targets = (
				AA0000000000000000000700 /* PeergosMount */,
				AA0000000000000000000800 /* PeergosFileProvider */,
			);
		};
/* End PBXProject section */

/* Begin PBXResourcesBuildPhase section */
		AA0000000000000000000C01 /* Resources (App) */ = {
			isa = PBXResourcesBuildPhase;
			buildActionMask = 2147483647;
			files = ();
			runOnlyForDeploymentPostprocessing = 0;
		};
		AA0000000000000000000C02 /* Resources (FP) */ = {
			isa = PBXResourcesBuildPhase;
			buildActionMask = 2147483647;
			files = ();
			runOnlyForDeploymentPostprocessing = 0;
		};
/* End PBXResourcesBuildPhase section */

/* Begin PBXSourcesBuildPhase section */
		AA0000000000000000000B01 /* Sources (App) */ = {
			isa = PBXSourcesBuildPhase;
			buildActionMask = 2147483647;
			files = (
				AA0000000000000000000101 /* PeergosApp.swift in Sources */,
				AA0000000000000000000102 /* Config.swift in Sources (App) */,
				AA0000000000000000000103 /* AppGroupID.swift in Sources (App) */,
			);
			runOnlyForDeploymentPostprocessing = 0;
		};
		AA0000000000000000000B02 /* Sources (FP) */ = {
			isa = PBXSourcesBuildPhase;
			buildActionMask = 2147483647;
			files = (
				AA0000000000000000000201 /* Extension.swift in Sources */,
				AA0000000000000000000202 /* Enumerator.swift in Sources */,
				AA0000000000000000000203 /* Item.swift in Sources */,
				AA0000000000000000000204 /* WebDAVClient.swift in Sources */,
				AA0000000000000000000205 /* ItemRegistry.swift in Sources */,
				AA0000000000000000000206 /* Config.swift in Sources (FP) */,
				AA0000000000000000000207 /* AppGroupID.swift in Sources (FP) */,
			);
			runOnlyForDeploymentPostprocessing = 0;
		};
/* End PBXSourcesBuildPhase section */

/* Begin PBXTargetDependency section */
		AA0000000000000000000402 /* PBXTargetDependency */ = {
			isa = PBXTargetDependency;
			target = AA0000000000000000000800 /* PeergosFileProvider */;
			targetProxy = AA0000000000000000000401 /* PBXContainerItemProxy */;
		};
/* End PBXTargetDependency section */

/* Begin XCBuildConfiguration section */
		AA0000000000000000000D01 /* Debug (Project) */ = {
			isa = XCBuildConfiguration;
			buildSettings = {
				ALWAYS_SEARCH_USER_PATHS = NO;
				CLANG_ENABLE_MODULES = YES;
				COPY_PHASE_STRIP = NO;
				DEBUG_INFORMATION_FORMAT = dwarf;
				ENABLE_STRICT_OBJC_MSGSEND = YES;
				GCC_C_LANGUAGE_STANDARD = gnu17;
				GCC_DYNAMIC_NO_PIC = NO;
				GCC_OPTIMIZATION_LEVEL = 0;
				GCC_PREPROCESSOR_DEFINITIONS = (
					"DEBUG=1",
					"$(inherited)",
				);
				MACOSX_DEPLOYMENT_TARGET = 12.0;
				MTL_ENABLE_DEBUG_INFO = INCLUDE_SOURCE;
				ONLY_ACTIVE_ARCH = YES;
				SDKROOT = macosx;
				SWIFT_ACTIVE_COMPILATION_CONDITIONS = DEBUG;
				SWIFT_OPTIMIZATION_LEVEL = "-Onone";
				SWIFT_VERSION = 5.9;
			};
			name = Debug;
		};
		AA0000000000000000000D02 /* Release (Project) */ = {
			isa = XCBuildConfiguration;
			buildSettings = {
				ALWAYS_SEARCH_USER_PATHS = NO;
				CLANG_ENABLE_MODULES = YES;
				COPY_PHASE_STRIP = NO;
				DEBUG_INFORMATION_FORMAT = "dwarf-with-dsym";
				ENABLE_NS_ASSERTIONS = NO;
				ENABLE_STRICT_OBJC_MSGSEND = YES;
				GCC_C_LANGUAGE_STANDARD = gnu17;
				MACOSX_DEPLOYMENT_TARGET = 12.0;
				MTL_ENABLE_DEBUG_INFO = NO;
				SDKROOT = macosx;
				SWIFT_COMPILATION_MODE = wholemodule;
				SWIFT_OPTIMIZATION_LEVEL = "-O";
				SWIFT_VERSION = 5.9;
			};
			name = Release;
		};
		AA0000000000000000000D03 /* Debug (App) */ = {
			isa = XCBuildConfiguration;
			buildSettings = {
				CODE_SIGN_ENTITLEMENTS = ContainerApp/PeergosMount.entitlements;
				CODE_SIGN_STYLE = Automatic;
				DEVELOPMENT_TEAM = XUVT52ZN3F;
				INFOPLIST_FILE = ContainerApp/Info.plist;
				LD_RUNPATH_SEARCH_PATHS = (
					"$(inherited)",
					"@executable_path/../Frameworks",
				);
				PRODUCT_BUNDLE_IDENTIFIER = "org.peergos.PeergosMount";
				PRODUCT_NAME = PeergosMount;
				SWIFT_VERSION = 5.9;
			};
			name = Debug;
		};
		AA0000000000000000000D04 /* Release (App) */ = {
			isa = XCBuildConfiguration;
			buildSettings = {
				CODE_SIGN_ENTITLEMENTS = ContainerApp/PeergosMount.entitlements;
				CODE_SIGN_STYLE = Automatic;
				DEVELOPMENT_TEAM = XUVT52ZN3F;
				INFOPLIST_FILE = ContainerApp/Info.plist;
				LD_RUNPATH_SEARCH_PATHS = (
					"$(inherited)",
					"@executable_path/../Frameworks",
				);
				PRODUCT_BUNDLE_IDENTIFIER = "org.peergos.PeergosMount";
				PRODUCT_NAME = PeergosMount;
				SWIFT_VERSION = 5.9;
			};
			name = Release;
		};
		AA0000000000000000000D05 /* Debug (FP) */ = {
			isa = XCBuildConfiguration;
			buildSettings = {
				APPLICATION_EXTENSION_API_ONLY = YES;
				CODE_SIGN_ENTITLEMENTS = FileProviderExtension/FileProvider.entitlements;
				CODE_SIGN_STYLE = Automatic;
				DEVELOPMENT_TEAM = XUVT52ZN3F;
				INFOPLIST_FILE = FileProviderExtension/Info.plist;
				LD_RUNPATH_SEARCH_PATHS = (
					"$(inherited)",
					"@executable_path/../../../../Frameworks",
					"@executable_path/../Frameworks",
				);
				PRODUCT_BUNDLE_IDENTIFIER = "org.peergos.PeergosMount.FileProvider";
				PRODUCT_NAME = PeergosFileProvider;
				SKIP_INSTALL = YES;
				SWIFT_VERSION = 5.9;
			};
			name = Debug;
		};
		AA0000000000000000000D06 /* Release (FP) */ = {
			isa = XCBuildConfiguration;
			buildSettings = {
				APPLICATION_EXTENSION_API_ONLY = YES;
				CODE_SIGN_ENTITLEMENTS = FileProviderExtension/FileProvider.entitlements;
				CODE_SIGN_STYLE = Automatic;
				DEVELOPMENT_TEAM = XUVT52ZN3F;
				INFOPLIST_FILE = FileProviderExtension/Info.plist;
				LD_RUNPATH_SEARCH_PATHS = (
					"$(inherited)",
					"@executable_path/../../../../Frameworks",
					"@executable_path/../Frameworks",
				);
				PRODUCT_BUNDLE_IDENTIFIER = "org.peergos.PeergosMount.FileProvider";
				PRODUCT_NAME = PeergosFileProvider;
				SKIP_INSTALL = YES;
				SWIFT_VERSION = 5.9;
			};
			name = Release;
		};
/* End XCBuildConfiguration section */

/* Begin XCConfigurationList section */
		AA0000000000000000000A00 /* Build configuration list for PBXProject "PeergosMount" */ = {
			isa = XCConfigurationList;
			buildConfigurations = (
				AA0000000000000000000D01 /* Debug */,
				AA0000000000000000000D02 /* Release */,
			);
			defaultConfigurationIsVisible = 0;
			defaultConfigurationName = Release;
		};
		AA0000000000000000000A01 /* Build configuration list for PBXNativeTarget "PeergosMount" */ = {
			isa = XCConfigurationList;
			buildConfigurations = (
				AA0000000000000000000D03 /* Debug */,
				AA0000000000000000000D04 /* Release */,
			);
			defaultConfigurationIsVisible = 0;
			defaultConfigurationName = Release;
		};
		AA0000000000000000000A02 /* Build configuration list for PBXNativeTarget "PeergosFileProvider" */ = {
			isa = XCConfigurationList;
			buildConfigurations = (
				AA0000000000000000000D05 /* Debug */,
				AA0000000000000000000D06 /* Release */,
			);
			defaultConfigurationIsVisible = 0;
			defaultConfigurationName = Release;
		};
/* End XCConfigurationList section */

	};
	rootObject = AA0000000000000000000900 /* Project object */;
}
